// !$*UTF8*$!
{
	archiveVersion = 1;
	classes = {
	};
	objectVersion = 50;
	objects = {

/* Begin PBXBuildFile section */
		7B0ECC0320AC9BEC008C85BC /* LoginVC.swift in Sources */ = {isa = PBXBuildFile; fileRef = 7B0ECC0220AC9BEC008C85BC /* LoginVC.swift */; };
		7B0F0EE320AA016F00AA3CC8 /* UIColor+Ext.swift in Sources */ = {isa = PBXBuildFile; fileRef = 7B0F0EE220AA016F00AA3CC8 /* UIColor+Ext.swift */; };
		7B0F0EE520AA2CE900AA3CC8 /* GoogleService-Info.plist in Resources */ = {isa = PBXBuildFile; fileRef = 7B0F0EE420AA2CE900AA3CC8 /* GoogleService-Info.plist */; };
		7B10373720BC9D77004D2ED9 /* UserSearchCell.swift in Sources */ = {isa = PBXBuildFile; fileRef = 7B10373620BC9D77004D2ED9 /* UserSearchCell.swift */; };
		7B1FF85D20AE26870081D279 /* PhotoSelectorVC.swift in Sources */ = {isa = PBXBuildFile; fileRef = 7B1FF85C20AE26870081D279 /* PhotoSelectorVC.swift */; };
		7B208B6520AB4BE100FBB669 /* MainTabVC.swift in Sources */ = {isa = PBXBuildFile; fileRef = 7B208B6420AB4BE100FBB669 /* MainTabVC.swift */; };
		7B208B6720AB4CDB00FBB669 /* UserProfileVC.swift in Sources */ = {isa = PBXBuildFile; fileRef = 7B208B6620AB4CDB00FBB669 /* UserProfileVC.swift */; };
		7B32F7F120AF8FC000524FBB /* PhotoSelectorHeader.swift in Sources */ = {isa = PBXBuildFile; fileRef = 7B32F7F020AF8FC000524FBB /* PhotoSelectorHeader.swift */; };
		7B3D3FB820AA6C7A006B0AC8 /* UIView+Ext.swift in Sources */ = {isa = PBXBuildFile; fileRef = 7B3D3FB720AA6C7A006B0AC8 /* UIView+Ext.swift */; };
		7B5E7EAC20BC969600A246B2 /* UserSearchVC.swift in Sources */ = {isa = PBXBuildFile; fileRef = 7B5E7EAB20BC969600A246B2 /* UserSearchVC.swift */; };
		7B8AB2F020B5F10A00B59554 /* User.swift in Sources */ = {isa = PBXBuildFile; fileRef = 7B8AB2EF20B5F10A00B59554 /* User.swift */; };
		7BC3BDB520BF70A4004F1CAD /* Date+Ext.swift in Sources */ = {isa = PBXBuildFile; fileRef = 7BC3BDB420BF70A4004F1CAD /* Date+Ext.swift */; };
		7BC5E6D720AB7DE400219C49 /* UserProfileHeader.swift in Sources */ = {isa = PBXBuildFile; fileRef = 7BC5E6D620AB7DE400219C49 /* UserProfileHeader.swift */; };
		7BC95DFE20B621FA0007121B /* HomePostCell.swift in Sources */ = {isa = PBXBuildFile; fileRef = 7BC95DFD20B621FA0007121B /* HomePostCell.swift */; };
		7BCB4E6820B61CB3007FC5C7 /* HomeVC.swift in Sources */ = {isa = PBXBuildFile; fileRef = 7BCB4E6720B61CB3007FC5C7 /* HomeVC.swift */; };
		7BD07F4E20B4E8FF00D9E99C /* CustomImageView.swift in Sources */ = {isa = PBXBuildFile; fileRef = 7BD07F4D20B4E8FF00D9E99C /* CustomImageView.swift */; };
		7BD28D8C20B4655A004BC81E /* SharePhotoVC.swift in Sources */ = {isa = PBXBuildFile; fileRef = 7BD28D8B20B4655A004BC81E /* SharePhotoVC.swift */; };
		7BD8B2F020B741F7005B3406 /* FirebaseDatabase+Ext.swift in Sources */ = {isa = PBXBuildFile; fileRef = 7BD8B2EF20B741F7005B3406 /* FirebaseDatabase+Ext.swift */; };
		7BEC1ABA20AF428600501F26 /* PhotoSelectorCell.swift in Sources */ = {isa = PBXBuildFile; fileRef = 7BEC1AB920AF428600501F26 /* PhotoSelectorCell.swift */; };
		7BEF6C5A20C0BF1400C26432 /* CameraVC.swift in Sources */ = {isa = PBXBuildFile; fileRef = 7BEF6C5920C0BF1400C26432 /* CameraVC.swift */; };
		7BFCFA2420B4B5A800561888 /* Post.swift in Sources */ = {isa = PBXBuildFile; fileRef = 7BFCFA2320B4B5A800561888 /* Post.swift */; };
		7BFCFA2620B4B85500561888 /* UserProfilePhotoCell.swift in Sources */ = {isa = PBXBuildFile; fileRef = 7BFCFA2520B4B85500561888 /* UserProfilePhotoCell.swift */; };
		7BFEBE9920A9E3E10063E809 /* AppDelegate.swift in Sources */ = {isa = PBXBuildFile; fileRef = 7BFEBE9820A9E3E10063E809 /* AppDelegate.swift */; };
		7BFEBE9B20A9E3E10063E809 /* RegistrationVC.swift in Sources */ = {isa = PBXBuildFile; fileRef = 7BFEBE9A20A9E3E10063E809 /* RegistrationVC.swift */; };
		7BFEBE9E20A9E3E10063E809 /* Main.storyboard in Resources */ = {isa = PBXBuildFile; fileRef = 7BFEBE9C20A9E3E10063E809 /* Main.storyboard */; };
		7BFEBEA020A9E3E30063E809 /* Assets.xcassets in Resources */ = {isa = PBXBuildFile; fileRef = 7BFEBE9F20A9E3E30063E809 /* Assets.xcassets */; };
		7BFEBEA320A9E3E30063E809 /* LaunchScreen.storyboard in Resources */ = {isa = PBXBuildFile; fileRef = 7BFEBEA120A9E3E30063E809 /* LaunchScreen.storyboard */; };
		8A74F2C39533C7EFE2FF6994 /* Pods_Spectacle.framework in Frameworks */ = {isa = PBXBuildFile; fileRef = 8D9008640E9EEE9AA6533533 /* Pods_Spectacle.framework */; };
/* End PBXBuildFile section */

/* Begin PBXFileReference section */
		79B4BC664C6E083FD79FAC00 /* Pods-Spectacle.debug.xcconfig */ = {isa = PBXFileReference; includeInIndex = 1; lastKnownFileType = text.xcconfig; name = "Pods-Spectacle.debug.xcconfig"; path = "Pods/Target Support Files/Pods-Spectacle/Pods-Spectacle.debug.xcconfig"; sourceTree = "<group>"; };
		7B0ECC0220AC9BEC008C85BC /* LoginVC.swift */ = {isa = PBXFileReference; lastKnownFileType = sourcecode.swift; path = LoginVC.swift; sourceTree = "<group>"; };
		7B0F0EE220AA016F00AA3CC8 /* UIColor+Ext.swift */ = {isa = PBXFileReference; lastKnownFileType = sourcecode.swift; path = "UIColor+Ext.swift"; sourceTree = "<group>"; };
		7B0F0EE420AA2CE900AA3CC8 /* GoogleService-Info.plist */ = {isa = PBXFileReference; fileEncoding = 4; lastKnownFileType = text.plist.xml; path = "GoogleService-Info.plist"; sourceTree = "<group>"; };
		7B10373620BC9D77004D2ED9 /* UserSearchCell.swift */ = {isa = PBXFileReference; lastKnownFileType = sourcecode.swift; path = UserSearchCell.swift; sourceTree = "<group>"; };
		7B1FF85C20AE26870081D279 /* PhotoSelectorVC.swift */ = {isa = PBXFileReference; lastKnownFileType = sourcecode.swift; path = PhotoSelectorVC.swift; sourceTree = "<group>"; };
		7B208B6420AB4BE100FBB669 /* MainTabVC.swift */ = {isa = PBXFileReference; lastKnownFileType = sourcecode.swift; path = MainTabVC.swift; sourceTree = "<group>"; };
		7B208B6620AB4CDB00FBB669 /* UserProfileVC.swift */ = {isa = PBXFileReference; lastKnownFileType = sourcecode.swift; path = UserProfileVC.swift; sourceTree = "<group>"; };
		7B32F7F020AF8FC000524FBB /* PhotoSelectorHeader.swift */ = {isa = PBXFileReference; lastKnownFileType = sourcecode.swift; path = PhotoSelectorHeader.swift; sourceTree = "<group>"; };
		7B3D3FB720AA6C7A006B0AC8 /* UIView+Ext.swift */ = {isa = PBXFileReference; lastKnownFileType = sourcecode.swift; path = "UIView+Ext.swift"; sourceTree = "<group>"; };
		7B5E7EAB20BC969600A246B2 /* UserSearchVC.swift */ = {isa = PBXFileReference; lastKnownFileType = sourcecode.swift; path = UserSearchVC.swift; sourceTree = "<group>"; };
		7B8AB2EF20B5F10A00B59554 /* User.swift */ = {isa = PBXFileReference; lastKnownFileType = sourcecode.swift; path = User.swift; sourceTree = "<group>"; };
		7BC3BDB420BF70A4004F1CAD /* Date+Ext.swift */ = {isa = PBXFileReference; lastKnownFileType = sourcecode.swift; path = "Date+Ext.swift"; sourceTree = "<group>"; };
		7BC5E6D620AB7DE400219C49 /* UserProfileHeader.swift */ = {isa = PBXFileReference; lastKnownFileType = sourcecode.swift; path = UserProfileHeader.swift; sourceTree = "<group>"; };
		7BC95DFD20B621FA0007121B /* HomePostCell.swift */ = {isa = PBXFileReference; lastKnownFileType = sourcecode.swift; path = HomePostCell.swift; sourceTree = "<group>"; };
		7BCB4E6720B61CB3007FC5C7 /* HomeVC.swift */ = {isa = PBXFileReference; lastKnownFileType = sourcecode.swift; path = HomeVC.swift; sourceTree = "<group>"; };
		7BD07F4D20B4E8FF00D9E99C /* CustomImageView.swift */ = {isa = PBXFileReference; lastKnownFileType = sourcecode.swift; path = CustomImageView.swift; sourceTree = "<group>"; };
		7BD28D8B20B4655A004BC81E /* SharePhotoVC.swift */ = {isa = PBXFileReference; lastKnownFileType = sourcecode.swift; path = SharePhotoVC.swift; sourceTree = "<group>"; };
		7BD8B2EF20B741F7005B3406 /* FirebaseDatabase+Ext.swift */ = {isa = PBXFileReference; lastKnownFileType = sourcecode.swift; path = "FirebaseDatabase+Ext.swift"; sourceTree = "<group>"; };
		7BEC1AB920AF428600501F26 /* PhotoSelectorCell.swift */ = {isa = PBXFileReference; lastKnownFileType = sourcecode.swift; path = PhotoSelectorCell.swift; sourceTree = "<group>"; };
		7BEF6C5920C0BF1400C26432 /* CameraVC.swift */ = {isa = PBXFileReference; lastKnownFileType = sourcecode.swift; path = CameraVC.swift; sourceTree = "<group>"; };
		7BFCFA2320B4B5A800561888 /* Post.swift */ = {isa = PBXFileReference; lastKnownFileType = sourcecode.swift; path = Post.swift; sourceTree = "<group>"; };
		7BFCFA2520B4B85500561888 /* UserProfilePhotoCell.swift */ = {isa = PBXFileReference; lastKnownFileType = sourcecode.swift; path = UserProfilePhotoCell.swift; sourceTree = "<group>"; };
		7BFEBE9520A9E3E10063E809 /* Spectacle.app */ = {isa = PBXFileReference; explicitFileType = wrapper.application; includeInIndex = 0; path = Spectacle.app; sourceTree = BUILT_PRODUCTS_DIR; };
		7BFEBE9820A9E3E10063E809 /* AppDelegate.swift */ = {isa = PBXFileReference; lastKnownFileType = sourcecode.swift; path = AppDelegate.swift; sourceTree = "<group>"; };
		7BFEBE9A20A9E3E10063E809 /* RegistrationVC.swift */ = {isa = PBXFileReference; lastKnownFileType = sourcecode.swift; path = RegistrationVC.swift; sourceTree = "<group>"; };
		7BFEBE9D20A9E3E10063E809 /* Base */ = {isa = PBXFileReference; lastKnownFileType = file.storyboard; name = Base; path = Base.lproj/Main.storyboard; sourceTree = "<group>"; };
		7BFEBE9F20A9E3E30063E809 /* Assets.xcassets */ = {isa = PBXFileReference; lastKnownFileType = folder.assetcatalog; path = Assets.xcassets; sourceTree = "<group>"; };
		7BFEBEA220A9E3E30063E809 /* Base */ = {isa = PBXFileReference; lastKnownFileType = file.storyboard; name = Base; path = Base.lproj/LaunchScreen.storyboard; sourceTree = "<group>"; };
		7BFEBEA420A9E3E30063E809 /* Info.plist */ = {isa = PBXFileReference; lastKnownFileType = text.plist.xml; path = Info.plist; sourceTree = "<group>"; };
		8D9008640E9EEE9AA6533533 /* Pods_Spectacle.framework */ = {isa = PBXFileReference; explicitFileType = wrapper.framework; includeInIndex = 0; path = Pods_Spectacle.framework; sourceTree = BUILT_PRODUCTS_DIR; };
		DB6DA8236E179292AAD3ED6F /* Pods-Spectacle.release.xcconfig */ = {isa = PBXFileReference; includeInIndex = 1; lastKnownFileType = text.xcconfig; name = "Pods-Spectacle.release.xcconfig"; path = "Pods/Target Support Files/Pods-Spectacle/Pods-Spectacle.release.xcconfig"; sourceTree = "<group>"; };
/* End PBXFileReference section */

/* Begin PBXFrameworksBuildPhase section */
		7BFEBE9220A9E3E10063E809 /* Frameworks */ = {
			isa = PBXFrameworksBuildPhase;
			buildActionMask = 2147483647;
			files = (
				8A74F2C39533C7EFE2FF6994 /* Pods_Spectacle.framework in Frameworks */,
			);
			runOnlyForDeploymentPostprocessing = 0;
		};
/* End PBXFrameworksBuildPhase section */

/* Begin PBXGroup section */
		025D6B12DD422E9C14A04975 /* Frameworks */ = {
			isa = PBXGroup;
			children = (
				8D9008640E9EEE9AA6533533 /* Pods_Spectacle.framework */,
			);
			name = Frameworks;
			sourceTree = "<group>";
		};
		55DD8FC90AC44810BB4933CD /* Pods */ = {
			isa = PBXGroup;
			children = (
				79B4BC664C6E083FD79FAC00 /* Pods-Spectacle.debug.xcconfig */,
				DB6DA8236E179292AAD3ED6F /* Pods-Spectacle.release.xcconfig */,
			);
			name = Pods;
			sourceTree = "<group>";
		};
		7B0F0EE120AA014C00AA3CC8 /* Utilities */ = {
			isa = PBXGroup;
			children = (
				7B0F0EE220AA016F00AA3CC8 /* UIColor+Ext.swift */,
				7B3D3FB720AA6C7A006B0AC8 /* UIView+Ext.swift */,
				7BD8B2EF20B741F7005B3406 /* FirebaseDatabase+Ext.swift */,
				7BC3BDB420BF70A4004F1CAD /* Date+Ext.swift */,
			);
			path = Utilities;
			sourceTree = "<group>";
		};
		7BFEBE8C20A9E3E10063E809 = {
			isa = PBXGroup;
			children = (
				7BFEBE9720A9E3E10063E809 /* Spectacle */,
				7BFEBE9620A9E3E10063E809 /* Products */,
				55DD8FC90AC44810BB4933CD /* Pods */,
				025D6B12DD422E9C14A04975 /* Frameworks */,
			);
			sourceTree = "<group>";
		};
		7BFEBE9620A9E3E10063E809 /* Products */ = {
			isa = PBXGroup;
			children = (
				7BFEBE9520A9E3E10063E809 /* Spectacle.app */,
			);
			name = Products;
			sourceTree = "<group>";
		};
		7BFEBE9720A9E3E10063E809 /* Spectacle */ = {
			isa = PBXGroup;
			children = (
				7B0F0EE120AA014C00AA3CC8 /* Utilities */,
				7BFEBEAC20A9E47C0063E809 /* Model */,
				7BFEBEAB20A9E4780063E809 /* View */,
				7BFEBEAA20A9E4700063E809 /* Controller */,
				7BFEBE9C20A9E3E10063E809 /* Main.storyboard */,
				7BFEBE9F20A9E3E30063E809 /* Assets.xcassets */,
				7BFEBEA120A9E3E30063E809 /* LaunchScreen.storyboard */,
				7B0F0EE420AA2CE900AA3CC8 /* GoogleService-Info.plist */,
				7BFEBEA420A9E3E30063E809 /* Info.plist */,
			);
			path = Spectacle;
			sourceTree = "<group>";
		};
		7BFEBEAA20A9E4700063E809 /* Controller */ = {
			isa = PBXGroup;
			children = (
				7BFEBE9820A9E3E10063E809 /* AppDelegate.swift */,
				7BFEBE9A20A9E3E10063E809 /* RegistrationVC.swift */,
				7B208B6420AB4BE100FBB669 /* MainTabVC.swift */,
				7B208B6620AB4CDB00FBB669 /* UserProfileVC.swift */,
				7B0ECC0220AC9BEC008C85BC /* LoginVC.swift */,
				7B1FF85C20AE26870081D279 /* PhotoSelectorVC.swift */,
				7BD28D8B20B4655A004BC81E /* SharePhotoVC.swift */,
				7BCB4E6720B61CB3007FC5C7 /* HomeVC.swift */,
				7B5E7EAB20BC969600A246B2 /* UserSearchVC.swift */,
				7BEF6C5920C0BF1400C26432 /* CameraVC.swift */,
			);
			path = Controller;
			sourceTree = "<group>";
		};
		7BFEBEAB20A9E4780063E809 /* View */ = {
			isa = PBXGroup;
			children = (
				7BC5E6D620AB7DE400219C49 /* UserProfileHeader.swift */,
				7BEC1AB920AF428600501F26 /* PhotoSelectorCell.swift */,
				7B32F7F020AF8FC000524FBB /* PhotoSelectorHeader.swift */,
				7BFCFA2520B4B85500561888 /* UserProfilePhotoCell.swift */,
				7BD07F4D20B4E8FF00D9E99C /* CustomImageView.swift */,
				7BC95DFD20B621FA0007121B /* HomePostCell.swift */,
				7B10373620BC9D77004D2ED9 /* UserSearchCell.swift */,
			);
			path = View;
			sourceTree = "<group>";
		};
		7BFEBEAC20A9E47C0063E809 /* Model */ = {
			isa = PBXGroup;
			children = (
				7BFCFA2320B4B5A800561888 /* Post.swift */,
				7B8AB2EF20B5F10A00B59554 /* User.swift */,
			);
			path = Model;
			sourceTree = "<group>";
		};
/* End PBXGroup section */

/* Begin PBXNativeTarget section */
		7BFEBE9420A9E3E10063E809 /* Spectacle */ = {
			isa = PBXNativeTarget;
			buildConfigurationList = 7BFEBEA720A9E3E30063E809 /* Build configuration list for PBXNativeTarget "Spectacle" */;
			buildPhases = (
				4D64A3422212FF6702F643D0 /* [CP] Check Pods Manifest.lock */,
				7BFEBE9120A9E3E10063E809 /* Sources */,
				7BFEBE9220A9E3E10063E809 /* Frameworks */,
				7BFEBE9320A9E3E10063E809 /* Resources */,
				AFAF7D806C48BDE5872D916E /* [CP] Embed Pods Frameworks */,
			);
			buildRules = (
			);
			dependencies = (
			);
			name = Spectacle;
			productName = Spectacle;
			productReference = 7BFEBE9520A9E3E10063E809 /* Spectacle.app */;
			productType = "com.apple.product-type.application";
		};
/* End PBXNativeTarget section */

/* Begin PBXProject section */
		7BFEBE8D20A9E3E10063E809 /* Project object */ = {
			isa = PBXProject;
			attributes = {
				LastSwiftUpdateCheck = 0930;
				LastUpgradeCheck = 0930;
				ORGANIZATIONNAME = "Dan Lindsay";
				TargetAttributes = {
					7BFEBE9420A9E3E10063E809 = {
						CreatedOnToolsVersion = 9.3;
					};
				};
			};
			buildConfigurationList = 7BFEBE9020A9E3E10063E809 /* Build configuration list for PBXProject "Spectacle" */;
			compatibilityVersion = "Xcode 9.3";
			developmentRegion = en;
			hasScannedForEncodings = 0;
			knownRegions = (
				en,
				Base,
			);
			mainGroup = 7BFEBE8C20A9E3E10063E809;
			productRefGroup = 7BFEBE9620A9E3E10063E809 /* Products */;
			projectDirPath = "";
			projectRoot = "";
			targets = (
				7BFEBE9420A9E3E10063E809 /* Spectacle */,
			);
		};
/* End PBXProject section */

/* Begin PBXResourcesBuildPhase section */
		7BFEBE9320A9E3E10063E809 /* Resources */ = {
			isa = PBXResourcesBuildPhase;
			buildActionMask = 2147483647;
			files = (
				7BFEBEA320A9E3E30063E809 /* LaunchScreen.storyboard in Resources */,
				7BFEBEA020A9E3E30063E809 /* Assets.xcassets in Resources */,
				7BFEBE9E20A9E3E10063E809 /* Main.storyboard in Resources */,
				7B0F0EE520AA2CE900AA3CC8 /* GoogleService-Info.plist in Resources */,
			);
			runOnlyForDeploymentPostprocessing = 0;
		};
/* End PBXResourcesBuildPhase section */

/* Begin PBXShellScriptBuildPhase section */
		4D64A3422212FF6702F643D0 /* [CP] Check Pods Manifest.lock */ = {
			isa = PBXShellScriptBuildPhase;
			buildActionMask = 2147483647;
			files = (
			);
			inputPaths = (
				"${PODS_PODFILE_DIR_PATH}/Podfile.lock",
				"${PODS_ROOT}/Manifest.lock",
			);
			name = "[CP] Check Pods Manifest.lock";
			outputPaths = (
				"$(DERIVED_FILE_DIR)/Pods-Spectacle-checkManifestLockResult.txt",
			);
			runOnlyForDeploymentPostprocessing = 0;
			shellPath = /bin/sh;
			shellScript = "diff \"${PODS_PODFILE_DIR_PATH}/Podfile.lock\" \"${PODS_ROOT}/Manifest.lock\" > /dev/null\nif [ $? != 0 ] ; then\n    # print error to STDERR\n    echo \"error: The sandbox is not in sync with the Podfile.lock. Run 'pod install' or update your CocoaPods installation.\" >&2\n    exit 1\nfi\n# This output is used by Xcode 'outputs' to avoid re-running this script phase.\necho \"SUCCESS\" > \"${SCRIPT_OUTPUT_FILE_0}\"\n";
			showEnvVarsInLog = 0;
		};
		AFAF7D806C48BDE5872D916E /* [CP] Embed Pods Frameworks */ = {
			isa = PBXShellScriptBuildPhase;
			buildActionMask = 2147483647;
			files = (
			);
			inputPaths = (
				"${SRCROOT}/Pods/Target Support Files/Pods-Spectacle/Pods-Spectacle-frameworks.sh",
				"${BUILT_PRODUCTS_DIR}/GTMSessionFetcher/GTMSessionFetcher.framework",
				"${BUILT_PRODUCTS_DIR}/GoogleToolboxForMac/GoogleToolboxForMac.framework",
				"${BUILT_PRODUCTS_DIR}/leveldb-library/leveldb.framework",
				"${BUILT_PRODUCTS_DIR}/nanopb/nanopb.framework",
			);
			name = "[CP] Embed Pods Frameworks";
			outputPaths = (
				"${TARGET_BUILD_DIR}/${FRAMEWORKS_FOLDER_PATH}/GTMSessionFetcher.framework",
				"${TARGET_BUILD_DIR}/${FRAMEWORKS_FOLDER_PATH}/GoogleToolboxForMac.framework",
				"${TARGET_BUILD_DIR}/${FRAMEWORKS_FOLDER_PATH}/leveldb.framework",
				"${TARGET_BUILD_DIR}/${FRAMEWORKS_FOLDER_PATH}/nanopb.framework",
			);
			runOnlyForDeploymentPostprocessing = 0;
			shellPath = /bin/sh;
			shellScript = "\"${SRCROOT}/Pods/Target Support Files/Pods-Spectacle/Pods-Spectacle-frameworks.sh\"\n";
			showEnvVarsInLog = 0;
		};
/* End PBXShellScriptBuildPhase section */

/* Begin PBXSourcesBuildPhase section */
		7BFEBE9120A9E3E10063E809 /* Sources */ = {
			isa = PBXSourcesBuildPhase;
			buildActionMask = 2147483647;
			files = (
				7B3D3FB820AA6C7A006B0AC8 /* UIView+Ext.swift in Sources */,
				7BC5E6D720AB7DE400219C49 /* UserProfileHeader.swift in Sources */,
				7BC95DFE20B621FA0007121B /* HomePostCell.swift in Sources */,
				7B0ECC0320AC9BEC008C85BC /* LoginVC.swift in Sources */,
				7BFEBE9B20A9E3E10063E809 /* RegistrationVC.swift in Sources */,
				7B8AB2F020B5F10A00B59554 /* User.swift in Sources */,
				7BD07F4E20B4E8FF00D9E99C /* CustomImageView.swift in Sources */,
				7BFCFA2420B4B5A800561888 /* Post.swift in Sources */,
				7B0F0EE320AA016F00AA3CC8 /* UIColor+Ext.swift in Sources */,
				7BD8B2F020B741F7005B3406 /* FirebaseDatabase+Ext.swift in Sources */,
				7B1FF85D20AE26870081D279 /* PhotoSelectorVC.swift in Sources */,
				7B32F7F120AF8FC000524FBB /* PhotoSelectorHeader.swift in Sources */,
				7BCB4E6820B61CB3007FC5C7 /* HomeVC.swift in Sources */,
				7B208B6520AB4BE100FBB669 /* MainTabVC.swift in Sources */,
				7BFEBE9920A9E3E10063E809 /* AppDelegate.swift in Sources */,
				7BEF6C5A20C0BF1400C26432 /* CameraVC.swift in Sources */,
				7B208B6720AB4CDB00FBB669 /* UserProfileVC.swift in Sources */,
				7B5E7EAC20BC969600A246B2 /* UserSearchVC.swift in Sources */,
				7BC3BDB520BF70A4004F1CAD /* Date+Ext.swift in Sources */,
				7BFCFA2620B4B85500561888 /* UserProfilePhotoCell.swift in Sources */,
				7BEC1ABA20AF428600501F26 /* PhotoSelectorCell.swift in Sources */,
				7B10373720BC9D77004D2ED9 /* UserSearchCell.swift in Sources */,
				7BD28D8C20B4655A004BC81E /* SharePhotoVC.swift in Sources */,
			);
			runOnlyForDeploymentPostprocessing = 0;
		};
/* End PBXSourcesBuildPhase section */

/* Begin PBXVariantGroup section */
		7BFEBE9C20A9E3E10063E809 /* Main.storyboard */ = {
			isa = PBXVariantGroup;
			children = (
				7BFEBE9D20A9E3E10063E809 /* Base */,
			);
			name = Main.storyboard;
			sourceTree = "<group>";
		};
		7BFEBEA120A9E3E30063E809 /* LaunchScreen.storyboard */ = {
			isa = PBXVariantGroup;
			children = (
				7BFEBEA220A9E3E30063E809 /* Base */,
			);
			name = LaunchScreen.storyboard;
			sourceTree = "<group>";
		};
/* End PBXVariantGroup section */

/* Begin XCBuildConfiguration section */
		7BFEBEA520A9E3E30063E809 /* Debug */ = {
			isa = XCBuildConfiguration;
			buildSettings = {
				ALWAYS_SEARCH_USER_PATHS = NO;
				CLANG_ANALYZER_NONNULL = YES;
				CLANG_ANALYZER_NUMBER_OBJECT_CONVERSION = YES_AGGRESSIVE;
				CLANG_CXX_LANGUAGE_STANDARD = "gnu++14";
				CLANG_CXX_LIBRARY = "libc++";
				CLANG_ENABLE_MODULES = YES;
				CLANG_ENABLE_OBJC_ARC = YES;
				CLANG_ENABLE_OBJC_WEAK = YES;
				CLANG_WARN_BLOCK_CAPTURE_AUTORELEASING = YES;
				CLANG_WARN_BOOL_CONVERSION = YES;
				CLANG_WARN_COMMA = YES;
				CLANG_WARN_CONSTANT_CONVERSION = YES;
				CLANG_WARN_DEPRECATED_OBJC_IMPLEMENTATIONS = YES;
				CLANG_WARN_DIRECT_OBJC_ISA_USAGE = YES_ERROR;
				CLANG_WARN_DOCUMENTATION_COMMENTS = YES;
				CLANG_WARN_EMPTY_BODY = YES;
				CLANG_WARN_ENUM_CONVERSION = YES;
				CLANG_WARN_INFINITE_RECURSION = YES;
				CLANG_WARN_INT_CONVERSION = YES;
				CLANG_WARN_NON_LITERAL_NULL_CONVERSION = YES;
				CLANG_WARN_OBJC_IMPLICIT_RETAIN_SELF = YES;
				CLANG_WARN_OBJC_LITERAL_CONVERSION = YES;
				CLANG_WARN_OBJC_ROOT_CLASS = YES_ERROR;
				CLANG_WARN_RANGE_LOOP_ANALYSIS = YES;
				CLANG_WARN_STRICT_PROTOTYPES = YES;
				CLANG_WARN_SUSPICIOUS_MOVE = YES;
				CLANG_WARN_UNGUARDED_AVAILABILITY = YES_AGGRESSIVE;
				CLANG_WARN_UNREACHABLE_CODE = YES;
				CLANG_WARN__DUPLICATE_METHOD_MATCH = YES;
				CODE_SIGN_IDENTITY = "iPhone Developer";
				COPY_PHASE_STRIP = NO;
				DEBUG_INFORMATION_FORMAT = dwarf;
				ENABLE_STRICT_OBJC_MSGSEND = YES;
				ENABLE_TESTABILITY = YES;
				GCC_C_LANGUAGE_STANDARD = gnu11;
				GCC_DYNAMIC_NO_PIC = NO;
				GCC_NO_COMMON_BLOCKS = YES;
				GCC_OPTIMIZATION_LEVEL = 0;
				GCC_PREPROCESSOR_DEFINITIONS = (
					"DEBUG=1",
					"$(inherited)",
				);
				GCC_WARN_64_TO_32_BIT_CONVERSION = YES;
				GCC_WARN_ABOUT_RETURN_TYPE = YES_ERROR;
				GCC_WARN_UNDECLARED_SELECTOR = YES;
				GCC_WARN_UNINITIALIZED_AUTOS = YES_AGGRESSIVE;
				GCC_WARN_UNUSED_FUNCTION = YES;
				GCC_WARN_UNUSED_VARIABLE = YES;
				IPHONEOS_DEPLOYMENT_TARGET = 11.3;
				MTL_ENABLE_DEBUG_INFO = YES;
				ONLY_ACTIVE_ARCH = YES;
				SDKROOT = iphoneos;
				SWIFT_ACTIVE_COMPILATION_CONDITIONS = DEBUG;
				SWIFT_OPTIMIZATION_LEVEL = "-Onone";
			};
			name = Debug;
		};
		7BFEBEA620A9E3E30063E809 /* Release */ = {
			isa = XCBuildConfiguration;
			buildSettings = {
				ALWAYS_SEARCH_USER_PATHS = NO;
				CLANG_ANALYZER_NONNULL = YES;
				CLANG_ANALYZER_NUMBER_OBJECT_CONVERSION = YES_AGGRESSIVE;
				CLANG_CXX_LANGUAGE_STANDARD = "gnu++14";
				CLANG_CXX_LIBRARY = "libc++";
				CLANG_ENABLE_MODULES = YES;
				CLANG_ENABLE_OBJC_ARC = YES;
				CLANG_ENABLE_OBJC_WEAK = YES;
				CLANG_WARN_BLOCK_CAPTURE_AUTORELEASING = YES;
				CLANG_WARN_BOOL_CONVERSION = YES;
				CLANG_WARN_COMMA = YES;
				CLANG_WARN_CONSTANT_CONVERSION = YES;
				CLANG_WARN_DEPRECATED_OBJC_IMPLEMENTATIONS = YES;
				CLANG_WARN_DIRECT_OBJC_ISA_USAGE = YES_ERROR;
				CLANG_WARN_DOCUMENTATION_COMMENTS = YES;
				CLANG_WARN_EMPTY_BODY = YES;
				CLANG_WARN_ENUM_CONVERSION = YES;
				CLANG_WARN_INFINITE_RECURSION = YES;
				CLANG_WARN_INT_CONVERSION = YES;
				CLANG_WARN_NON_LITERAL_NULL_CONVERSION = YES;
				CLANG_WARN_OBJC_IMPLICIT_RETAIN_SELF = YES;
				CLANG_WARN_OBJC_LITERAL_CONVERSION = YES;
				CLANG_WARN_OBJC_ROOT_CLASS = YES_ERROR;
				CLANG_WARN_RANGE_LOOP_ANALYSIS = YES;
				CLANG_WARN_STRICT_PROTOTYPES = YES;
				CLANG_WARN_SUSPICIOUS_MOVE = YES;
				CLANG_WARN_UNGUARDED_AVAILABILITY = YES_AGGRESSIVE;
				CLANG_WARN_UNREACHABLE_CODE = YES;
				CLANG_WARN__DUPLICATE_METHOD_MATCH = YES;
				CODE_SIGN_IDENTITY = "iPhone Developer";
				COPY_PHASE_STRIP = NO;
				DEBUG_INFORMATION_FORMAT = "dwarf-with-dsym";
				ENABLE_NS_ASSERTIONS = NO;
				ENABLE_STRICT_OBJC_MSGSEND = YES;
				GCC_C_LANGUAGE_STANDARD = gnu11;
				GCC_NO_COMMON_BLOCKS = YES;
				GCC_WARN_64_TO_32_BIT_CONVERSION = YES;
				GCC_WARN_ABOUT_RETURN_TYPE = YES_ERROR;
				GCC_WARN_UNDECLARED_SELECTOR = YES;
				GCC_WARN_UNINITIALIZED_AUTOS = YES_AGGRESSIVE;
				GCC_WARN_UNUSED_FUNCTION = YES;
				GCC_WARN_UNUSED_VARIABLE = YES;
				IPHONEOS_DEPLOYMENT_TARGET = 11.3;
				MTL_ENABLE_DEBUG_INFO = NO;
				SDKROOT = iphoneos;
				SWIFT_COMPILATION_MODE = wholemodule;
				SWIFT_OPTIMIZATION_LEVEL = "-O";
				VALIDATE_PRODUCT = YES;
			};
			name = Release;
		};
		7BFEBEA820A9E3E30063E809 /* Debug */ = {
			isa = XCBuildConfiguration;
			baseConfigurationReference = 79B4BC664C6E083FD79FAC00 /* Pods-Spectacle.debug.xcconfig */;
			buildSettings = {
				ASSETCATALOG_COMPILER_APPICON_NAME = AppIcon;
				CODE_SIGN_STYLE = Automatic;
				DEVELOPMENT_TEAM = 999T2QHS45;
				INFOPLIST_FILE = Spectacle/Info.plist;
				IPHONEOS_DEPLOYMENT_TARGET = 11.3;
				LD_RUNPATH_SEARCH_PATHS = (
					"$(inherited)",
					"@executable_path/Frameworks",
				);
				PRODUCT_BUNDLE_IDENTIFIER = com.dreamerongo.Spectacle;
				PRODUCT_NAME = "$(TARGET_NAME)";
				SWIFT_VERSION = 4.0;
				TARGETED_DEVICE_FAMILY = "1,2";
			};
			name = Debug;
		};
		7BFEBEA920A9E3E30063E809 /* Release */ = {
			isa = XCBuildConfiguration;
			baseConfigurationReference = DB6DA8236E179292AAD3ED6F /* Pods-Spectacle.release.xcconfig */;
			buildSettings = {
				ASSETCATALOG_COMPILER_APPICON_NAME = AppIcon;
				CODE_SIGN_STYLE = Automatic;
				DEVELOPMENT_TEAM = 999T2QHS45;
				INFOPLIST_FILE = Spectacle/Info.plist;
				IPHONEOS_DEPLOYMENT_TARGET = 11.3;
				LD_RUNPATH_SEARCH_PATHS = (
					"$(inherited)",
					"@executable_path/Frameworks",
				);
				PRODUCT_BUNDLE_IDENTIFIER = com.dreamerongo.Spectacle;
				PRODUCT_NAME = "$(TARGET_NAME)";
				SWIFT_VERSION = 4.0;
				TARGETED_DEVICE_FAMILY = "1,2";
			};
			name = Release;
		};
/* End XCBuildConfiguration section */

/* Begin XCConfigurationList section */
		7BFEBE9020A9E3E10063E809 /* Build configuration list for PBXProject "Spectacle" */ = {
			isa = XCConfigurationList;
			buildConfigurations = (
				7BFEBEA520A9E3E30063E809 /* Debug */,
				7BFEBEA620A9E3E30063E809 /* Release */,
			);
			defaultConfigurationIsVisible = 0;
			defaultConfigurationName = Release;
		};
		7BFEBEA720A9E3E30063E809 /* Build configuration list for PBXNativeTarget "Spectacle" */ = {
			isa = XCConfigurationList;
			buildConfigurations = (
				7BFEBEA820A9E3E30063E809 /* Debug */,
				7BFEBEA920A9E3E30063E809 /* Release */,
			);
			defaultConfigurationIsVisible = 0;
			defaultConfigurationName = Release;
		};
/* End XCConfigurationList section */
	};
	rootObject = 7BFEBE8D20A9E3E10063E809 /* Project object */;
}
